%{
  "bunt": {:hex, :bunt, "0.2.1", "e2d4792f7bc0ced7583ab54922808919518d0e57ee162901a16a1b6664ef3b14", [:mix], [], "hexpm", "a330bfb4245239787b15005e66ae6845c9cd524a288f0d141c148b02603777a5"},
  "credo": {:hex, :credo, "1.7.0", "6119bee47272e85995598ee04f2ebbed3e947678dee048d10b5feca139435f75", [:mix], [{:bunt, "~> 0.2.1", [hex: :bunt, repo: "hexpm", optional: false]}, {:file_system, "~> 0.2.8", [hex: :file_system, repo: "hexpm", optional: false]}, {:jason, "~> 1.0", [hex: :jason, repo: "hexpm", optional: false]}], "hexpm", "6839fcf63d1f0d1c0f450abc8564a57c43d644077ab96f2934563e68b8a769d7"},
  "file_system": {:hex, :file_system, "0.2.10", "fb082005a9cd1711c05b5248710f8826b02d7d1784e7c3451f9c1231d4fc162d", [:mix], [], "hexpm", "41195edbfb562a593726eda3b3e8b103a309b733ad25f3d642ba49696bf715dc"},
  "jason": {:hex, :jason, "1.4.0", "e855647bc964a44e2f67df589ccf49105ae039d4179db7f6271dfd3843dc27e6", [:mix], [{:decimal, "~> 1.0 or ~> 2.0", [hex: :decimal, repo: "hexpm", optional: true]}], "hexpm", "79a3791085b2a0f743ca04cec0f7be26443738779d09302e01318f97bdb82121"},
  "nimble_options": {:hex, :nimble_options, "1.0.1", "b448018287b22584e91b5fd9c6c0ad717cb4bcdaa457957c8d57770f56625c43", [:mix], [], "hexpm", "078b2927cd9f84555be6386d56e849b0c555025ecccf7afee00ab6a9e6f63837"},
  "sourceror": {:hex, :sourceror, "0.12.2", "2ae55efd149193572e0eb723df7c7a1bda9ab33c43373c82642931dbb2f4e428", [:mix], [], "hexpm", "7ad74ade6fb079c71f29fae10c34bcf2323542d8c51ee1bcd77a546cfa89d59c"},
  "spark": {:hex, :spark, "0.4.12", "b2a63557fae6158bcd32eb13ce5c9330d786d3cdf7e4bd3f87d7ebe808f0ebf8", [:mix], [{:nimble_options, "~> 0.5 or ~> 1.0", [hex: :nimble_options, repo: "hexpm", optional: false]}, {:sourceror, "~> 0.1", [hex: :sourceror, repo: "hexpm", optional: false]}], "hexpm", "7438fa383888768778dd62182f9a4a3c02e31103323adfae31bf76513a16c2e6"},
}
